
Microsoft Visual Studio Solution File, Format Version 12.00
# Visual Studio Version 16
VisualStudioVersion = 25.0.1706.11
MinimumVisualStudioVersion = 10.0.40219.1
Project("{FAE04EC0-301F-11D3-BF4B-00C04F79EFBC}") = "DigitalTwinsCommandProject", "DigitalTwinsCommandProject\DigitalTwinsCommandProject.csproj", "{08D64D78-D857-4C9B-932B-304A945EE166}"
EndProject
Global
	GlobalSection(SolutionConfigurationPlatforms) = preSolution
		Debug|Any CPU = Debug|Any CPU
		Release|Any CPU = Release|Any CPU
	EndGlobalSection
	GlobalSection(ProjectConfigurationPlatforms) = postSolution
		{08D64D78-D857-4C9B-932B-304A945EE166}.Debug|Any CPU.ActiveCfg = Debug|Any CPU
		{08D64D78-D857-4C9B-932B-304A945EE166}.Debug|Any CPU.Build.0 = Debug|Any CPU
		{08D64D78-D857-4C9B-932B-304A945EE166}.Release|Any CPU.ActiveCfg = Release|Any CPU
		{08D64D78-D857-4C9B-932B-304A945EE166}.Release|Any CPU.Build.0 = Release|Any CPU
	EndGlobalSection
	GlobalSection(SolutionProperties) = preSolution
		HideSolutionNode = FALSE
	EndGlobalSection
	GlobalSection(ExtensibilityGlobals) = postSolution
		SolutionGuid = {63089C36-CFFE-400A-8E05-D523E774FAEF}
	EndGlobalSection
EndGlobal
